
Microsoft Visual Studio Solution File, Format Version 12.00
# Visual Studio Version 17
VisualStudioVersion = 17.9.34622.214
MinimumVisualStudioVersion = 10.0.40219.1
Project("{FAE04EC0-301F-11D3-BF4B-00C04F79EFBC}") = "Diamante.ConsoleApp", "Diamante.ConsoleApp\Diamante.ConsoleApp.csproj", "{F7F22C06-45AD-4609-9A87-BC35029DCB7F}"
EndProject
Global
	GlobalSection(SolutionConfigurationPlatforms) = preSolution
		Debug|Any CPU = Debug|Any CPU
		Release|Any CPU = Release|Any CPU
	EndGlobalSection
	GlobalSection(ProjectConfigurationPlatforms) = postSolution
		{F7F22C06-45AD-4609-9A87-BC35029DCB7F}.Debug|Any CPU.ActiveCfg = Debug|Any CPU
		{F7F22C06-45AD-4609-9A87-BC35029DCB7F}.Debug|Any CPU.Build.0 = Debug|Any CPU
		{F7F22C06-45AD-4609-9A87-BC35029DCB7F}.Release|Any CPU.ActiveCfg = Release|Any CPU
		{F7F22C06-45AD-4609-9A87-BC35029DCB7F}.Release|Any CPU.Build.0 = Release|Any CPU
	EndGlobalSection
	GlobalSection(SolutionProperties) = preSolution
		HideSolutionNode = FALSE
	EndGlobalSection
	GlobalSection(ExtensibilityGlobals) = postSolution
		SolutionGuid = {ABAAFB7C-7B88-489D-A580-29EF9B644DA3}
	EndGlobalSection
EndGlobal
